
Microsoft Visual Studio Solution File, Format Version 12.00
# Visual Studio Version 17
VisualStudioVersion = 17.3.32929.385
MinimumVisualStudioVersion = 10.0.40219.1
Project("{8BC9CEB8-8B4A-11D0-8D11-00A0C91BC942}") = "BOJ_15923", "BOJ_15923.vcxproj", "{3D388F40-B90D-4611-8904-9D7E31A39EFC}"
EndProject
Global
	GlobalSection(SolutionConfigurationPlatforms) = preSolution
		Debug|x64 = Debug|x64
		Release|x64 = Release|x64
	EndGlobalSection
	GlobalSection(ProjectConfigurationPlatforms) = postSolution
		{3D388F40-B90D-4611-8904-9D7E31A39EFC}.Debug|x64.ActiveCfg = Debug|x64
		{3D388F40-B90D-4611-8904-9D7E31A39EFC}.Debug|x64.Build.0 = Debug|x64
		{3D388F40-B90D-4611-8904-9D7E31A39EFC}.Release|x64.ActiveCfg = Release|x64
		{3D388F40-B90D-4611-8904-9D7E31A39EFC}.Release|x64.Build.0 = Release|x64
	EndGlobalSection
	GlobalSection(SolutionProperties) = preSolution
		HideSolutionNode = FALSE
	EndGlobalSection
	GlobalSection(ExtensibilityGlobals) = postSolution
		SolutionGuid = {A72B2378-46A4-4A84-A179-DBB97F18849B}
	EndGlobalSection
EndGlobal
